
Microsoft Visual Studio Solution File, Format Version 12.00
# Visual Studio Version 17
VisualStudioVersion = 17.11.35222.181
MinimumVisualStudioVersion = 10.0.40219.1
Project("{9A19103F-16F7-4668-BE54-9A1E7A4F7556}") = "Karolin_CV_Fullstack", "Karolin_CV_Fullstack\Karolin_CV_Fullstack.csproj", "{C4483C83-C789-498C-B8E1-9336089C1497}"
EndProject
Global
	GlobalSection(SolutionConfigurationPlatforms) = preSolution
		Debug|Any CPU = Debug|Any CPU
		Release|Any CPU = Release|Any CPU
	EndGlobalSection
	GlobalSection(ProjectConfigurationPlatforms) = postSolution
		{C4483C83-C789-498C-B8E1-9336089C1497}.Debug|Any CPU.ActiveCfg = Debug|Any CPU
		{C4483C83-C789-498C-B8E1-9336089C1497}.Debug|Any CPU.Build.0 = Debug|Any CPU
		{C4483C83-C789-498C-B8E1-9336089C1497}.Release|Any CPU.ActiveCfg = Release|Any CPU
		{C4483C83-C789-498C-B8E1-9336089C1497}.Release|Any CPU.Build.0 = Release|Any CPU
	EndGlobalSection
	GlobalSection(SolutionProperties) = preSolution
		HideSolutionNode = FALSE
	EndGlobalSection
	GlobalSection(ExtensibilityGlobals) = postSolution
		SolutionGuid = {B1FEDCB4-D40E-499F-95AD-AC1B46682672}
	EndGlobalSection
EndGlobal
